
Microsoft Visual Studio Solution File, Format Version 12.00
# Visual Studio Version 17
VisualStudioVersion = 17.14.36518.9
MinimumVisualStudioVersion = 10.0.40219.1
Project("{FAE04EC0-301F-11D3-BF4B-00C04F79EFBC}") = "Collections-exercises", "Collections-exercises.csproj", "{48DA2CA8-EDB6-4E36-A7AC-91DA31D30286}"
EndProject
Global
	GlobalSection(SolutionConfigurationPlatforms) = preSolution
		Debug|Any CPU = Debug|Any CPU
		Release|Any CPU = Release|Any CPU
	EndGlobalSection
	GlobalSection(ProjectConfigurationPlatforms) = postSolution
		{48DA2CA8-EDB6-4E36-A7AC-91DA31D30286}.Debug|Any CPU.ActiveCfg = Debug|Any CPU
		{48DA2CA8-EDB6-4E36-A7AC-91DA31D30286}.Debug|Any CPU.Build.0 = Debug|Any CPU
		{48DA2CA8-EDB6-4E36-A7AC-91DA31D30286}.Release|Any CPU.ActiveCfg = Release|Any CPU
		{48DA2CA8-EDB6-4E36-A7AC-91DA31D30286}.Release|Any CPU.Build.0 = Release|Any CPU
	EndGlobalSection
	GlobalSection(SolutionProperties) = preSolution
		HideSolutionNode = FALSE
	EndGlobalSection
	GlobalSection(ExtensibilityGlobals) = postSolution
		SolutionGuid = {B2036B0C-FCD1-4FCC-BED2-153CA0FFC094}
	EndGlobalSection
EndGlobal
